
Microsoft Visual Studio Solution File, Format Version 12.00
# Visual Studio Version 17
VisualStudioVersion = 17.10.34928.147
MinimumVisualStudioVersion = 10.0.40219.1
Project("{9A19103F-16F7-4668-BE54-9A1E7A4F7556}") = "ProductPreview", "ProductPreview\ProductPreview.csproj", "{CA0A5D04-6785-4059-97FE-5B893509ADA8}"
EndProject
Global
	GlobalSection(SolutionConfigurationPlatforms) = preSolution
		Debug|Any CPU = Debug|Any CPU
		Release|Any CPU = Release|Any CPU
	EndGlobalSection
	GlobalSection(ProjectConfigurationPlatforms) = postSolution
		{CA0A5D04-6785-4059-97FE-5B893509ADA8}.Debug|Any CPU.ActiveCfg = Debug|Any CPU
		{CA0A5D04-6785-4059-97FE-5B893509ADA8}.Debug|Any CPU.Build.0 = Debug|Any CPU
		{CA0A5D04-6785-4059-97FE-5B893509ADA8}.Release|Any CPU.ActiveCfg = Release|Any CPU
		{CA0A5D04-6785-4059-97FE-5B893509ADA8}.Release|Any CPU.Build.0 = Release|Any CPU
	EndGlobalSection
	GlobalSection(SolutionProperties) = preSolution
		HideSolutionNode = FALSE
	EndGlobalSection
	GlobalSection(ExtensibilityGlobals) = postSolution
		SolutionGuid = {7DB3BCEA-00F6-425E-A8B7-4B6BF76F63FA}
	EndGlobalSection
EndGlobal
